
Microsoft Visual Studio Solution File, Format Version 12.00
# Visual Studio Version 17
VisualStudioVersion = 17.14.36623.8 d17.14
MinimumVisualStudioVersion = 10.0.40219.1
Project("{FAE04EC0-301F-11D3-BF4B-00C04F79EFBC}") = "StockAdvisor.web", "StockAdvisor.web.csproj", "{FE5A08F5-7744-48BD-9150-2CC9E8025502}"
EndProject
Global
	GlobalSection(SolutionConfigurationPlatforms) = preSolution
		Debug|Any CPU = Debug|Any CPU
		Release|Any CPU = Release|Any CPU
	EndGlobalSection
	GlobalSection(ProjectConfigurationPlatforms) = postSolution
		{FE5A08F5-7744-48BD-9150-2CC9E8025502}.Debug|Any CPU.ActiveCfg = Debug|Any CPU
		{FE5A08F5-7744-48BD-9150-2CC9E8025502}.Debug|Any CPU.Build.0 = Debug|Any CPU
		{FE5A08F5-7744-48BD-9150-2CC9E8025502}.Release|Any CPU.ActiveCfg = Release|Any CPU
		{FE5A08F5-7744-48BD-9150-2CC9E8025502}.Release|Any CPU.Build.0 = Release|Any CPU
	EndGlobalSection
	GlobalSection(SolutionProperties) = preSolution
		HideSolutionNode = FALSE
	EndGlobalSection
	GlobalSection(ExtensibilityGlobals) = postSolution
		SolutionGuid = {EF02332F-4F1F-4A90-B008-0A62DA3CACCD}
	EndGlobalSection
EndGlobal
